
Microsoft Visual Studio Solution File, Format Version 12.00
# Visual Studio Version 17
VisualStudioVersion = 17.0.32014.148
MinimumVisualStudioVersion = 10.0.40219.1
Project("{FAE04EC0-301F-11D3-BF4B-00C04F79EFBC}") = "MefSample", "MefSample\MefSample.csproj", "{71086A8C-9AED-4B2F-8AFE-B0F1C736C2FA}"
EndProject
Global
	GlobalSection(SolutionConfigurationPlatforms) = preSolution
		Debug|Any CPU = Debug|Any CPU
		Release|Any CPU = Release|Any CPU
	EndGlobalSection
	GlobalSection(ProjectConfigurationPlatforms) = postSolution
		{71086A8C-9AED-4B2F-8AFE-B0F1C736C2FA}.Debug|Any CPU.ActiveCfg = Debug|Any CPU
		{71086A8C-9AED-4B2F-8AFE-B0F1C736C2FA}.Debug|Any CPU.Build.0 = Debug|Any CPU
		{71086A8C-9AED-4B2F-8AFE-B0F1C736C2FA}.Release|Any CPU.ActiveCfg = Release|Any CPU
		{71086A8C-9AED-4B2F-8AFE-B0F1C736C2FA}.Release|Any CPU.Build.0 = Release|Any CPU
	EndGlobalSection
	GlobalSection(SolutionProperties) = preSolution
		HideSolutionNode = FALSE
	EndGlobalSection
	GlobalSection(ExtensibilityGlobals) = postSolution
		SolutionGuid = {8A86BC29-0064-40C5-A453-10EB3F7F12C8}
	EndGlobalSection
EndGlobal
